
Microsoft Visual Studio Solution File, Format Version 12.00
# Visual Studio Version 17
VisualStudioVersion = 17.14.36127.28 d17.14
MinimumVisualStudioVersion = 10.0.40219.1
Project("{FAE04EC0-301F-11D3-BF4B-00C04F79EFBC}") = "TaskManagement.Application", "TaskManagement.Application\TaskManagement.Application.csproj", "{B661B803-3011-421A-8BFB-9CABC7A569A8}"
EndProject
Project("{FAE04EC0-301F-11D3-BF4B-00C04F79EFBC}") = "TaskManagement.Domain", "TaskManagement.Domain\TaskManagement.Domain.csproj", "{623E06FA-1EE1-4F4D-837A-B8F3D5A32E85}"
EndProject
Project("{FAE04EC0-301F-11D3-BF4B-00C04F79EFBC}") = "TaskManagement.Infrastructure", "TaskManagement.Infrastructure\TaskManagement.Infrastructure.csproj", "{EB32CE57-19E4-4F33-99FD-8C27549D708D}"
EndProject
Project("{E24C65DC-7377-472B-9ABA-BC803B73C61A}") = "Presentation", "Presentation\", "{77B84CA3-43DE-BBA4-C9BF-BF501A5A58BB}"
	ProjectSection(WebsiteProperties) = preProject
		TargetFrameworkMoniker = ".NETFramework,Version%3Dv4.8"
		Debug.AspNetCompiler.VirtualPath = "/localhost_54858"
		Debug.AspNetCompiler.PhysicalPath = "Presentation\"
		Debug.AspNetCompiler.TargetPath = "PrecompiledWeb\localhost_54858\"
		Debug.AspNetCompiler.Updateable = "true"
		Debug.AspNetCompiler.ForceOverwrite = "true"
		Debug.AspNetCompiler.FixedNames = "false"
		Debug.AspNetCompiler.Debug = "True"
		Release.AspNetCompiler.VirtualPath = "/localhost_54858"
		Release.AspNetCompiler.PhysicalPath = "Presentation\"
		Release.AspNetCompiler.TargetPath = "PrecompiledWeb\localhost_54858\"
		Release.AspNetCompiler.Updateable = "true"
		Release.AspNetCompiler.ForceOverwrite = "true"
		Release.AspNetCompiler.FixedNames = "false"
		Release.AspNetCompiler.Debug = "False"
		VWDPort = "54858"
		SlnRelativePath = "Presentation\"
	EndProjectSection
EndProject
Project("{FAE04EC0-301F-11D3-BF4B-00C04F79EFBC}") = "TaskManagement", "TaskManagement\TaskManagement.csproj", "{880564C6-F293-40F1-9CCC-C98E2DC4BD40}"
EndProject
Global
	GlobalSection(SolutionConfigurationPlatforms) = preSolution
		Debug|Any CPU = Debug|Any CPU
		Release|Any CPU = Release|Any CPU
	EndGlobalSection
	GlobalSection(ProjectConfigurationPlatforms) = postSolution
		{B661B803-3011-421A-8BFB-9CABC7A569A8}.Debug|Any CPU.ActiveCfg = Debug|Any CPU
		{B661B803-3011-421A-8BFB-9CABC7A569A8}.Debug|Any CPU.Build.0 = Debug|Any CPU
		{B661B803-3011-421A-8BFB-9CABC7A569A8}.Release|Any CPU.ActiveCfg = Release|Any CPU
		{B661B803-3011-421A-8BFB-9CABC7A569A8}.Release|Any CPU.Build.0 = Release|Any CPU
		{623E06FA-1EE1-4F4D-837A-B8F3D5A32E85}.Debug|Any CPU.ActiveCfg = Debug|Any CPU
		{623E06FA-1EE1-4F4D-837A-B8F3D5A32E85}.Debug|Any CPU.Build.0 = Debug|Any CPU
		{623E06FA-1EE1-4F4D-837A-B8F3D5A32E85}.Release|Any CPU.ActiveCfg = Release|Any CPU
		{623E06FA-1EE1-4F4D-837A-B8F3D5A32E85}.Release|Any CPU.Build.0 = Release|Any CPU
		{EB32CE57-19E4-4F33-99FD-8C27549D708D}.Debug|Any CPU.ActiveCfg = Debug|Any CPU
		{EB32CE57-19E4-4F33-99FD-8C27549D708D}.Debug|Any CPU.Build.0 = Debug|Any CPU
		{EB32CE57-19E4-4F33-99FD-8C27549D708D}.Release|Any CPU.ActiveCfg = Release|Any CPU
		{EB32CE57-19E4-4F33-99FD-8C27549D708D}.Release|Any CPU.Build.0 = Release|Any CPU
		{77B84CA3-43DE-BBA4-C9BF-BF501A5A58BB}.Debug|Any CPU.ActiveCfg = Debug|Any CPU
		{77B84CA3-43DE-BBA4-C9BF-BF501A5A58BB}.Debug|Any CPU.Build.0 = Debug|Any CPU
		{77B84CA3-43DE-BBA4-C9BF-BF501A5A58BB}.Release|Any CPU.ActiveCfg = Debug|Any CPU
		{77B84CA3-43DE-BBA4-C9BF-BF501A5A58BB}.Release|Any CPU.Build.0 = Debug|Any CPU
		{880564C6-F293-40F1-9CCC-C98E2DC4BD40}.Debug|Any CPU.ActiveCfg = Debug|Any CPU
		{880564C6-F293-40F1-9CCC-C98E2DC4BD40}.Debug|Any CPU.Build.0 = Debug|Any CPU
		{880564C6-F293-40F1-9CCC-C98E2DC4BD40}.Release|Any CPU.ActiveCfg = Release|Any CPU
		{880564C6-F293-40F1-9CCC-C98E2DC4BD40}.Release|Any CPU.Build.0 = Release|Any CPU
	EndGlobalSection
	GlobalSection(SolutionProperties) = preSolution
		HideSolutionNode = FALSE
	EndGlobalSection
	GlobalSection(ExtensibilityGlobals) = postSolution
		SolutionGuid = {5DF9034B-1D54-4F72-BD0C-742F8F7A43E5}
	EndGlobalSection
EndGlobal
